
Microsoft Visual Studio Solution File, Format Version 12.00
# Visual Studio Version 17
VisualStudioVersion = 17.9.34902.65
MinimumVisualStudioVersion = 10.0.40219.1
Project("{FAE04EC0-301F-11D3-BF4B-00C04F79EFBC}") = "EjerciciosDePrueba1", "EjerciciosDePrueba1\EjerciciosDePrueba1.csproj", "{D85C41B1-1699-46C0-ABD1-2E96C2880EF3}"
EndProject
Global
	GlobalSection(SolutionConfigurationPlatforms) = preSolution
		Debug|Any CPU = Debug|Any CPU
		Release|Any CPU = Release|Any CPU
	EndGlobalSection
	GlobalSection(ProjectConfigurationPlatforms) = postSolution
		{D85C41B1-1699-46C0-ABD1-2E96C2880EF3}.Debug|Any CPU.ActiveCfg = Debug|Any CPU
		{D85C41B1-1699-46C0-ABD1-2E96C2880EF3}.Debug|Any CPU.Build.0 = Debug|Any CPU
		{D85C41B1-1699-46C0-ABD1-2E96C2880EF3}.Release|Any CPU.ActiveCfg = Release|Any CPU
		{D85C41B1-1699-46C0-ABD1-2E96C2880EF3}.Release|Any CPU.Build.0 = Release|Any CPU
	EndGlobalSection
	GlobalSection(SolutionProperties) = preSolution
		HideSolutionNode = FALSE
	EndGlobalSection
	GlobalSection(ExtensibilityGlobals) = postSolution
		SolutionGuid = {D2C9E4F5-912E-4961-8BB1-9D91122A65D4}
	EndGlobalSection
EndGlobal
